Microsoft Visual Studio Solution File, Format Version 12.00
# Visual Studio Version 17
VisualStudioVersion = 17.5.2.0
MinimumVisualStudioVersion = 10.0.40219.1
Project("{FAE04EC0-301F-11D3-BF4B-00C04F79EFBC}") = "Asegurados-backend", "Asegurados-backend\Asegurados-backend.csproj", "{DE6410AF-1504-14E9-CE6B-A2F9BC775A3A}"
EndProject
Global
	GlobalSection(SolutionConfigurationPlatforms) = preSolution
		Debug|Any CPU = Debug|Any CPU
		Release|Any CPU = Release|Any CPU
	EndGlobalSection
	GlobalSection(ProjectConfigurationPlatforms) = postSolution
		{DE6410AF-1504-14E9-CE6B-A2F9BC775A3A}.Debug|Any CPU.ActiveCfg = Debug|Any CPU
		{DE6410AF-1504-14E9-CE6B-A2F9BC775A3A}.Debug|Any CPU.Build.0 = Debug|Any CPU
		{DE6410AF-1504-14E9-CE6B-A2F9BC775A3A}.Release|Any CPU.ActiveCfg = Release|Any CPU
		{DE6410AF-1504-14E9-CE6B-A2F9BC775A3A}.Release|Any CPU.Build.0 = Release|Any CPU
	EndGlobalSection
	GlobalSection(SolutionProperties) = preSolution
		HideSolutionNode = FALSE
	EndGlobalSection
	GlobalSection(ExtensibilityGlobals) = postSolution
		SolutionGuid = {99A04636-5A70-457A-BD3E-3EFB1F77C502}
	EndGlobalSection
EndGlobal
